// !$*UTF8*$!
{
	archiveVersion = 1;
	classes = {
	};
	objectVersion = 44;
	objects = {

/* Begin PBXBuildFile section */
		1E4C01E01186A5260092F9AD /* Security.framework in Frameworks */ = {isa = PBXBuildFile; fileRef = 1E4C01DF1186A5260092F9AD /* Security.framework */; };
		22483A611248EDF5000F2F14 /* MGTwitterParserFactory.m in Sources */ = {isa = PBXBuildFile; fileRef = 22483A2F1248EDF5000F2F14 /* MGTwitterParserFactory.m */; };
		22483C001248FB39000F2F14 /* NSMutableURLRequest+Parameters.m in Sources */ = {isa = PBXBuildFile; fileRef = 22483BA21248FB39000F2F14 /* NSMutableURLRequest+Parameters.m */; };
		22483C011248FB39000F2F14 /* NSString+URLEncoding.m in Sources */ = {isa = PBXBuildFile; fileRef = 22483BA41248FB39000F2F14 /* NSString+URLEncoding.m */; };
		22483C021248FB39000F2F14 /* NSURL+Base.m in Sources */ = {isa = PBXBuildFile; fileRef = 22483BA61248FB39000F2F14 /* NSURL+Base.m */; };
		22483C031248FB39000F2F14 /* Base64Transcoder.c in Sources */ = {isa = PBXBuildFile; fileRef = 22483BA81248FB39000F2F14 /* Base64Transcoder.c */; };
		22483C041248FB39000F2F14 /* hmac.c in Sources */ = {isa = PBXBuildFile; fileRef = 22483BAA1248FB39000F2F14 /* hmac.c */; };
		22483C051248FB39000F2F14 /* sha1.c in Sources */ = {isa = PBXBuildFile; fileRef = 22483BAC1248FB39000F2F14 /* sha1.c */; };
		22483C061248FB39000F2F14 /* OACall.m in Sources */ = {isa = PBXBuildFile; fileRef = 22483BAF1248FB39000F2F14 /* OACall.m */; };
		22483C071248FB39000F2F14 /* OAConsumer.m in Sources */ = {isa = PBXBuildFile; fileRef = 22483BB11248FB39000F2F14 /* OAConsumer.m */; };
		22483C081248FB39000F2F14 /* OADataFetcher.m in Sources */ = {isa = PBXBuildFile; fileRef = 22483BB31248FB39000F2F14 /* OADataFetcher.m */; };
		22483C091248FB39000F2F14 /* OAHMAC_SHA1SignatureProvider.m in Sources */ = {isa = PBXBuildFile; fileRef = 22483BB51248FB39000F2F14 /* OAHMAC_SHA1SignatureProvider.m */; };
		22483C0A1248FB39000F2F14 /* OAMutableURLRequest.m in Sources */ = {isa = PBXBuildFile; fileRef = 22483BB71248FB39000F2F14 /* OAMutableURLRequest.m */; };
		22483C0B1248FB39000F2F14 /* OAPlaintextSignatureProvider.m in Sources */ = {isa = PBXBuildFile; fileRef = 22483BB91248FB39000F2F14 /* OAPlaintextSignatureProvider.m */; };
		22483C0C1248FB39000F2F14 /* OAProblem.m in Sources */ = {isa = PBXBuildFile; fileRef = 22483BBB1248FB39000F2F14 /* OAProblem.m */; };
		22483C0D1248FB39000F2F14 /* OARequestParameter.m in Sources */ = {isa = PBXBuildFile; fileRef = 22483BBD1248FB39000F2F14 /* OARequestParameter.m */; };
		22483C0E1248FB39000F2F14 /* OAServiceTicket.m in Sources */ = {isa = PBXBuildFile; fileRef = 22483BBF1248FB39000F2F14 /* OAServiceTicket.m */; };
		22483C101248FB39000F2F14 /* OAToken.m in Sources */ = {isa = PBXBuildFile; fileRef = 22483BC31248FB39000F2F14 /* OAToken.m */; };
		22483C111248FB39000F2F14 /* OATokenManager.m in Sources */ = {isa = PBXBuildFile; fileRef = 22483BC51248FB39000F2F14 /* OATokenManager.m */; };
		22483C281248FC97000F2F14 /* MGTwitterMiscParser.m in Sources */ = {isa = PBXBuildFile; fileRef = 22483A441248EDF5000F2F14 /* MGTwitterMiscParser.m */; };
		22483C291248FC98000F2F14 /* MGTwitterParserFactoryNSXML.m in Sources */ = {isa = PBXBuildFile; fileRef = 22483A461248EDF5000F2F14 /* MGTwitterParserFactoryNSXML.m */; };
		22483C2A1248FC98000F2F14 /* MGTwitterSocialGraphParser.m in Sources */ = {isa = PBXBuildFile; fileRef = 22483A481248EDF5000F2F14 /* MGTwitterSocialGraphParser.m */; };
		22483C2B1248FC99000F2F14 /* MGTwitterStatusesParser.m in Sources */ = {isa = PBXBuildFile; fileRef = 22483A4A1248EDF5000F2F14 /* MGTwitterStatusesParser.m */; };
		22483C2C1248FC9A000F2F14 /* MGTwitterUserListsParser.m in Sources */ = {isa = PBXBuildFile; fileRef = 22483A4C1248EDF5000F2F14 /* MGTwitterUserListsParser.m */; };
		22483C2E1248FC9B000F2F14 /* MGTwitterUsersParser.m in Sources */ = {isa = PBXBuildFile; fileRef = 22483A501248EDF5000F2F14 /* MGTwitterUsersParser.m */; };
		22483C2F1248FC9C000F2F14 /* MGTwitterXMLParser.m in Sources */ = {isa = PBXBuildFile; fileRef = 22483A521248EDF5000F2F14 /* MGTwitterXMLParser.m */; };
		22483C321248FCB8000F2F14 /* MGTwitterParserFactoryXML.m in Sources */ = {isa = PBXBuildFile; fileRef = 22483A3F1248EDF5000F2F14 /* MGTwitterParserFactoryXML.m */; };
		22483C3D1248FD24000F2F14 /* MGTwitterMessagesParser.m in Sources */ = {isa = PBXBuildFile; fileRef = 22483A421248EDF5000F2F14 /* MGTwitterMessagesParser.m */; };
		22483D341248FE5F000F2F14 /* CDataScanner.m in Sources */ = {isa = PBXBuildFile; fileRef = 22483CAA1248FE5F000F2F14 /* CDataScanner.m */; };
		22483D3A1248FE5F000F2F14 /* CJSONDataSerializer.m in Sources */ = {isa = PBXBuildFile; fileRef = 22483CB91248FE5F000F2F14 /* CJSONDataSerializer.m */; };
		22483D3B1248FE5F000F2F14 /* CJSONDeserializer.m in Sources */ = {isa = PBXBuildFile; fileRef = 22483CBB1248FE5F000F2F14 /* CJSONDeserializer.m */; };
		22483D3C1248FE5F000F2F14 /* CJSONScanner.m in Sources */ = {isa = PBXBuildFile; fileRef = 22483CBD1248FE5F000F2F14 /* CJSONScanner.m */; };
		22483D3D1248FE5F000F2F14 /* CJSONSerializer.m in Sources */ = {isa = PBXBuildFile; fileRef = 22483CBF1248FE5F000F2F14 /* CJSONSerializer.m */; };
		22483D3E1248FE5F000F2F14 /* CSerializedJSONData.m in Sources */ = {isa = PBXBuildFile; fileRef = 22483CC11248FE5F000F2F14 /* CSerializedJSONData.m */; };
		22483DAE1248FFCD000F2F14 /* MGTwitterParserFactoryJSON.m in Sources */ = {isa = PBXBuildFile; fileRef = 22483A0F1248EDF5000F2F14 /* MGTwitterParserFactoryJSON.m */; };
		22483DAF1248FFCE000F2F14 /* MGTwitterParserFactoryTouchJSON.m in Sources */ = {isa = PBXBuildFile; fileRef = 22483A121248EDF5000F2F14 /* MGTwitterParserFactoryTouchJSON.m */; };
		22483DB01248FFCF000F2F14 /* MGTwitterTouchJSONParser.m in Sources */ = {isa = PBXBuildFile; fileRef = 22483A141248EDF5000F2F14 /* MGTwitterTouchJSONParser.m */; };
		44F7517C0E47DBD600858A1B /* libxml2.dylib in Frameworks */ = {isa = PBXBuildFile; fileRef = 44F7517B0E47DBD600858A1B /* libxml2.dylib */; };
		44F751A70E47DEC400858A1B /* NSData+Base64.m in Sources */ = {isa = PBXBuildFile; fileRef = 44F751A50E47DEC400858A1B /* NSData+Base64.m */; };
		8D11072A0486CEB800E47090 /* MainMenu.nib in Resources */ = {isa = PBXBuildFile; fileRef = 29B97318FDCFA39411CA2CEA /* MainMenu.nib */; };
		8D11072B0486CEB800E47090 /* InfoPlist.strings in Resources */ = {isa = PBXBuildFile; fileRef = 089C165CFE840E0CC02AAC07 /* InfoPlist.strings */; };
		8D11072D0486CEB800E47090 /* main.m in Sources */ = {isa = PBXBuildFile; fileRef = 29B97316FDCFA39411CA2CEA /* main.m */; settings = {ATTRIBUTES = (); }; };
		8D11072F0486CEB800E47090 /* Cocoa.framework in Frameworks */ = {isa = PBXBuildFile; fileRef = 1058C7A1FEA54F0111CA2CBB /* Cocoa.framework */; };
		C9811E5D0D5F696200720D77 /* AppController.m in Sources */ = {isa = PBXBuildFile; fileRef = C9811E5C0D5F696200720D77 /* AppController.m */; };
		C9811E640D5F69B500720D77 /* MGTwitterEngine.m in Sources */ = {isa = PBXBuildFile; fileRef = C9811E630D5F69B500720D77 /* MGTwitterEngine.m */; };
		C9AE949C0D678D4400ADEBEC /* MGTwitterHTTPURLConnection.m in Sources */ = {isa = PBXBuildFile; fileRef = C9AE949B0D678D4400ADEBEC /* MGTwitterHTTPURLConnection.m */; };
		C9EF98A10D68AB970041A17E /* NSString+UUID.m in Sources */ = {isa = PBXBuildFile; fileRef = C9EF98A00D68AB970041A17E /* NSString+UUID.m */; };
/* End PBXBuildFile section */

/* Begin PBXFileReference section */
		089C165DFE840E0CC02AAC07 /* English */ = {isa = PBXFileReference; fileEncoding = 10; lastKnownFileType = text.plist.strings; name = English; path = English.lproj/InfoPlist.strings; sourceTree = "<group>"; };
		1058C7A1FEA54F0111CA2CBB /* Cocoa.framework */ = {isa = PBXFileReference; lastKnownFileType = wrapper.framework; name = Cocoa.framework; path = /System/Library/Frameworks/Cocoa.framework; sourceTree = "<absolute>"; };
		1E4C01851186A47C0092F9AD /* yajl_common.h */ = {isa = PBXFileReference; fileEncoding = 4; lastKnownFileType = sourcecode.c.h; name = yajl_common.h; path = src/api/yajl_common.h; sourceTree = "<group>"; };
		1E4C01861186A47C0092F9AD /* yajl_gen.h */ = {isa = PBXFileReference; fileEncoding = 4; lastKnownFileType = sourcecode.c.h; name = yajl_gen.h; path = src/api/yajl_gen.h; sourceTree = "<group>"; };
		1E4C01871186A47C0092F9AD /* yajl_parse.h */ = {isa = PBXFileReference; fileEncoding = 4; lastKnownFileType = sourcecode.c.h; name = yajl_parse.h; path = src/api/yajl_parse.h; sourceTree = "<group>"; };
		1E4C01881186A47C0092F9AD /* yajl_alloc.c */ = {isa = PBXFileReference; fileEncoding = 4; lastKnownFileType = sourcecode.c.c; name = yajl_alloc.c; path = src/yajl_alloc.c; sourceTree = "<group>"; };
		1E4C01891186A47C0092F9AD /* yajl_alloc.h */ = {isa = PBXFileReference; fileEncoding = 4; lastKnownFileType = sourcecode.c.h; name = yajl_alloc.h; path = src/yajl_alloc.h; sourceTree = "<group>"; };
		1E4C018A1186A47C0092F9AD /* yajl_buf.c */ = {isa = PBXFileReference; fileEncoding = 4; lastKnownFileType = sourcecode.c.c; name = yajl_buf.c; path = src/yajl_buf.c; sourceTree = "<group>"; };
		1E4C018B1186A47C0092F9AD /* yajl_buf.h */ = {isa = PBXFileReference; fileEncoding = 4; lastKnownFileType = sourcecode.c.h; name = yajl_buf.h; path = src/yajl_buf.h; sourceTree = "<group>"; };
		1E4C018C1186A47C0092F9AD /* yajl_bytestack.h */ = {isa = PBXFileReference; fileEncoding = 4; lastKnownFileType = sourcecode.c.h; name = yajl_bytestack.h; path = src/yajl_bytestack.h; sourceTree = "<group>"; };
		1E4C018D1186A47C0092F9AD /* yajl_encode.c */ = {isa = PBXFileReference; fileEncoding = 4; lastKnownFileType = sourcecode.c.c; name = yajl_encode.c; path = src/yajl_encode.c; sourceTree = "<group>"; };
		1E4C018E1186A47C0092F9AD /* yajl_encode.h */ = {isa = PBXFileReference; fileEncoding = 4; lastKnownFileType = sourcecode.c.h; name = yajl_encode.h; path = src/yajl_encode.h; sourceTree = "<group>"; };
		1E4C018F1186A47C0092F9AD /* yajl_gen.c */ = {isa = PBXFileReference; fileEncoding = 4; lastKnownFileType = sourcecode.c.c; name = yajl_gen.c; path = src/yajl_gen.c; sourceTree = "<group>"; };
		1E4C01901186A47C0092F9AD /* yajl_lex.c */ = {isa = PBXFileReference; fileEncoding = 4; lastKnownFileType = sourcecode.c.c; name = yajl_lex.c; path = src/yajl_lex.c; sourceTree = "<group>"; };
		1E4C01911186A47C0092F9AD /* yajl_lex.h */ = {isa = PBXFileReference; fileEncoding = 4; lastKnownFileType = sourcecode.c.h; name = yajl_lex.h; path = src/yajl_lex.h; sourceTree = "<group>"; };
		1E4C01921186A47C0092F9AD /* yajl_parser.c */ = {isa = PBXFileReference; fileEncoding = 4; lastKnownFileType = sourcecode.c.c; name = yajl_parser.c; path = src/yajl_parser.c; sourceTree = "<group>"; };
		1E4C01931186A47C0092F9AD /* yajl_parser.h */ = {isa = PBXFileReference; fileEncoding = 4; lastKnownFileType = sourcecode.c.h; name = yajl_parser.h; path = src/yajl_parser.h; sourceTree = "<group>"; };
		1E4C01941186A47C0092F9AD /* yajl.c */ = {isa = PBXFileReference; fileEncoding = 4; lastKnownFileType = sourcecode.c.c; name = yajl.c; path = src/yajl.c; sourceTree = "<group>"; };
		1E4C01DF1186A5260092F9AD /* Security.framework */ = {isa = PBXFileReference; lastKnownFileType = wrapper.framework; name = Security.framework; path = System/Library/Frameworks/Security.framework; sourceTree = SDKROOT; };
		22483A0E1248EDF5000F2F14 /* MGTwitterParserFactoryJSON.h */ = {isa = PBXFileReference; fileEncoding = 4; lastKnownFileType = sourcecode.c.h; path = MGTwitterParserFactoryJSON.h; sourceTree = "<group>"; };
		22483A0F1248EDF5000F2F14 /* MGTwitterParserFactoryJSON.m */ = {isa = PBXFileReference; fileEncoding = 4; lastKnownFileType = sourcecode.c.objc; path = MGTwitterParserFactoryJSON.m; sourceTree = "<group>"; };
		22483A111248EDF5000F2F14 /* MGTwitterParserFactoryTouchJSON.h */ = {isa = PBXFileReference; fileEncoding = 4; lastKnownFileType = sourcecode.c.h; path = MGTwitterParserFactoryTouchJSON.h; sourceTree = "<group>"; };
		22483A121248EDF5000F2F14 /* MGTwitterParserFactoryTouchJSON.m */ = {isa = PBXFileReference; fileEncoding = 4; lastKnownFileType = sourcecode.c.objc; path = MGTwitterParserFactoryTouchJSON.m; sourceTree = "<group>"; };
		22483A131248EDF5000F2F14 /* MGTwitterTouchJSONParser.h */ = {isa = PBXFileReference; fileEncoding = 4; lastKnownFileType = sourcecode.c.h; path = MGTwitterTouchJSONParser.h; sourceTree = "<group>"; };
		22483A141248EDF5000F2F14 /* MGTwitterTouchJSONParser.m */ = {isa = PBXFileReference; fileEncoding = 4; lastKnownFileType = sourcecode.c.objc; path = MGTwitterTouchJSONParser.m; sourceTree = "<group>"; };
		22483A161248EDF5000F2F14 /* MGTwitterMessagesYAJLParser.h */ = {isa = PBXFileReference; fileEncoding = 4; lastKnownFileType = sourcecode.c.h; path = MGTwitterMessagesYAJLParser.h; sourceTree = "<group>"; };
		22483A171248EDF5000F2F14 /* MGTwitterMessagesYAJLParser.m */ = {isa = PBXFileReference; fileEncoding = 4; lastKnownFileType = sourcecode.c.objc; path = MGTwitterMessagesYAJLParser.m; sourceTree = "<group>"; };
		22483A181248EDF5000F2F14 /* MGTwitterMiscYAJLParser.h */ = {isa = PBXFileReference; fileEncoding = 4; lastKnownFileType = sourcecode.c.h; path = MGTwitterMiscYAJLParser.h; sourceTree = "<group>"; };
		22483A191248EDF5000F2F14 /* MGTwitterMiscYAJLParser.m */ = {isa = PBXFileReference; fileEncoding = 4; lastKnownFileType = sourcecode.c.objc; path = MGTwitterMiscYAJLParser.m; sourceTree = "<group>"; };
		22483A1A1248EDF5000F2F14 /* MGTwitterParserFactoryYAJL.h */ = {isa = PBXFileReference; fileEncoding = 4; lastKnownFileType = sourcecode.c.h; path = MGTwitterParserFactoryYAJL.h; sourceTree = "<group>"; };
		22483A1B1248EDF5000F2F14 /* MGTwitterParserFactoryYAJL.m */ = {isa = PBXFileReference; fileEncoding = 4; lastKnownFileType = sourcecode.c.objc; path = MGTwitterParserFactoryYAJL.m; sourceTree = "<group>"; };
		22483A1C1248EDF5000F2F14 /* MGTwitterSearchYAJLParser.h */ = {isa = PBXFileReference; fileEncoding = 4; lastKnownFileType = sourcecode.c.h; path = MGTwitterSearchYAJLParser.h; sourceTree = "<group>"; };
		22483A1D1248EDF5000F2F14 /* MGTwitterSearchYAJLParser.m */ = {isa = PBXFileReference; fileEncoding = 4; lastKnownFileType = sourcecode.c.objc; path = MGTwitterSearchYAJLParser.m; sourceTree = "<group>"; };
		22483A1E1248EDF5000F2F14 /* MGTwitterStatusesYAJLParser.h */ = {isa = PBXFileReference; fileEncoding = 4; lastKnownFileType = sourcecode.c.h; path = MGTwitterStatusesYAJLParser.h; sourceTree = "<group>"; };
		22483A1F1248EDF5000F2F14 /* MGTwitterStatusesYAJLParser.m */ = {isa = PBXFileReference; fileEncoding = 4; lastKnownFileType = sourcecode.c.objc; path = MGTwitterStatusesYAJLParser.m; sourceTree = "<group>"; };
		22483A201248EDF5000F2F14 /* MGTwitterUsersYAJLParser.h */ = {isa = PBXFileReference; fileEncoding = 4; lastKnownFileType = sourcecode.c.h; path = MGTwitterUsersYAJLParser.h; sourceTree = "<group>"; };
		22483A211248EDF5000F2F14 /* MGTwitterUsersYAJLParser.m */ = {isa = PBXFileReference; fileEncoding = 4; lastKnownFileType = sourcecode.c.objc; path = MGTwitterUsersYAJLParser.m; sourceTree = "<group>"; };
		22483A221248EDF5000F2F14 /* MGTwitterYAJLParser.h */ = {isa = PBXFileReference; fileEncoding = 4; lastKnownFileType = sourcecode.c.h; path = MGTwitterYAJLParser.h; sourceTree = "<group>"; };
		22483A231248EDF5000F2F14 /* MGTwitterYAJLParser.m */ = {isa = PBXFileReference; fileEncoding = 4; lastKnownFileType = sourcecode.c.objc; path = MGTwitterYAJLParser.m; sourceTree = "<group>"; };
		22483A251248EDF5000F2F14 /* MGTwitterMiscYAJLGenericParser.h */ = {isa = PBXFileReference; fileEncoding = 4; lastKnownFileType = sourcecode.c.h; path = MGTwitterMiscYAJLGenericParser.h; sourceTree = "<group>"; };
		22483A261248EDF5000F2F14 /* MGTwitterMiscYAJLGenericParser.m */ = {isa = PBXFileReference; fileEncoding = 4; lastKnownFileType = sourcecode.c.objc; path = MGTwitterMiscYAJLGenericParser.m; sourceTree = "<group>"; };
		22483A271248EDF5000F2F14 /* MGTwitterParserFactoryYAJLGeneric.h */ = {isa = PBXFileReference; fileEncoding = 4; lastKnownFileType = sourcecode.c.h; path = MGTwitterParserFactoryYAJLGeneric.h; sourceTree = "<group>"; };
		22483A281248EDF5000F2F14 /* MGTwitterParserFactoryYAJLGeneric.m */ = {isa = PBXFileReference; fileEncoding = 4; lastKnownFileType = sourcecode.c.objc; path = MGTwitterParserFactoryYAJLGeneric.m; sourceTree = "<group>"; };
		22483A291248EDF5000F2F14 /* MGTwitterSearchYAJLGenericParser.h */ = {isa = PBXFileReference; fileEncoding = 4; lastKnownFileType = sourcecode.c.h; path = MGTwitterSearchYAJLGenericParser.h; sourceTree = "<group>"; };
		22483A2A1248EDF5000F2F14 /* MGTwitterSearchYAJLGenericParser.m */ = {isa = PBXFileReference; fileEncoding = 4; lastKnownFileType = sourcecode.c.objc; path = MGTwitterSearchYAJLGenericParser.m; sourceTree = "<group>"; };
		22483A2B1248EDF5000F2F14 /* MGTwitterYAJLGenericParser.h */ = {isa = PBXFileReference; fileEncoding = 4; lastKnownFileType = sourcecode.c.h; path = MGTwitterYAJLGenericParser.h; sourceTree = "<group>"; };
		22483A2C1248EDF5000F2F14 /* MGTwitterYAJLGenericParser.m */ = {isa = PBXFileReference; fileEncoding = 4; lastKnownFileType = sourcecode.c.objc; path = MGTwitterYAJLGenericParser.m; sourceTree = "<group>"; };
		22483A2D1248EDF5000F2F14 /* MGTwitterParserDelegate.h */ = {isa = PBXFileReference; fileEncoding = 4; lastKnownFileType = sourcecode.c.h; path = MGTwitterParserDelegate.h; sourceTree = "<group>"; };
		22483A2E1248EDF5000F2F14 /* MGTwitterParserFactory.h */ = {isa = PBXFileReference; fileEncoding = 4; lastKnownFileType = sourcecode.c.h; path = MGTwitterParserFactory.h; sourceTree = "<group>"; };
		22483A2F1248EDF5000F2F14 /* MGTwitterParserFactory.m */ = {isa = PBXFileReference; fileEncoding = 4; lastKnownFileType = sourcecode.c.objc; path = MGTwitterParserFactory.m; sourceTree = "<group>"; };
		22483A321248EDF5000F2F14 /* MGTwitterLibXMLParser.h */ = {isa = PBXFileReference; fileEncoding = 4; lastKnownFileType = sourcecode.c.h; path = MGTwitterLibXMLParser.h; sourceTree = "<group>"; };
		22483A331248EDF5000F2F14 /* MGTwitterLibXMLParser.m */ = {isa = PBXFileReference; fileEncoding = 4; lastKnownFileType = sourcecode.c.objc; path = MGTwitterLibXMLParser.m; sourceTree = "<group>"; };
		22483A341248EDF5000F2F14 /* MGTwitterMessagesLibXMLParser.h */ = {isa = PBXFileReference; fileEncoding = 4; lastKnownFileType = sourcecode.c.h; path = MGTwitterMessagesLibXMLParser.h; sourceTree = "<group>"; };
		22483A351248EDF5000F2F14 /* MGTwitterMessagesLibXMLParser.m */ = {isa = PBXFileReference; fileEncoding = 4; lastKnownFileType = sourcecode.c.objc; path = MGTwitterMessagesLibXMLParser.m; sourceTree = "<group>"; };
		22483A361248EDF5000F2F14 /* MGTwitterMiscLibXMLParser.h */ = {isa = PBXFileReference; fileEncoding = 4; lastKnownFileType = sourcecode.c.h; path = MGTwitterMiscLibXMLParser.h; sourceTree = "<group>"; };
		22483A371248EDF5000F2F14 /* MGTwitterMiscLibXMLParser.m */ = {isa = PBXFileReference; fileEncoding = 4; lastKnownFileType = sourcecode.c.objc; path = MGTwitterMiscLibXMLParser.m; sourceTree = "<group>"; };
		22483A381248EDF5000F2F14 /* MGTwitterParserFactoryLibXML.h */ = {isa = PBXFileReference; fileEncoding = 4; lastKnownFileType = sourcecode.c.h; path = MGTwitterParserFactoryLibXML.h; sourceTree = "<group>"; };
		22483A391248EDF5000F2F14 /* MGTwitterParserFactoryLibXML.m */ = {isa = PBXFileReference; fileEncoding = 4; lastKnownFileType = sourcecode.c.objc; path = MGTwitterParserFactoryLibXML.m; sourceTree = "<group>"; };
		22483A3A1248EDF5000F2F14 /* MGTwitterSocialGraphLibXMLParser.h */ = {isa = PBXFileReference; fileEncoding = 4; lastKnownFileType = sourcecode.c.h; path = MGTwitterSocialGraphLibXMLParser.h; sourceTree = "<group>"; };
		22483A3B1248EDF5000F2F14 /* MGTwitterSocialGraphLibXMLParser.m */ = {isa = PBXFileReference; fileEncoding = 4; lastKnownFileType = sourcecode.c.objc; path = MGTwitterSocialGraphLibXMLParser.m; sourceTree = "<group>"; };
		22483A3C1248EDF5000F2F14 /* MGTwitterStatusesLibXMLParser.h */ = {isa = PBXFileReference; fileEncoding = 4; lastKnownFileType = sourcecode.c.h; path = MGTwitterStatusesLibXMLParser.h; sourceTree = "<group>"; };
		22483A3D1248EDF5000F2F14 /* MGTwitterStatusesLibXMLParser.m */ = {isa = PBXFileReference; fileEncoding = 4; lastKnownFileType = sourcecode.c.objc; path = MGTwitterStatusesLibXMLParser.m; sourceTree = "<group>"; };
		22483A3E1248EDF5000F2F14 /* MGTwitterParserFactoryXML.h */ = {isa = PBXFileReference; fileEncoding = 4; lastKnownFileType = sourcecode.c.h; path = MGTwitterParserFactoryXML.h; sourceTree = "<group>"; };
		22483A3F1248EDF5000F2F14 /* MGTwitterParserFactoryXML.m */ = {isa = PBXFileReference; fileEncoding = 4; lastKnownFileType = sourcecode.c.objc; path = MGTwitterParserFactoryXML.m; sourceTree = "<group>"; };
		22483A411248EDF5000F2F14 /* MGTwitterMessagesParser.h */ = {isa = PBXFileReference; fileEncoding = 4; lastKnownFileType = sourcecode.c.h; path = MGTwitterMessagesParser.h; sourceTree = "<group>"; };
		22483A421248EDF5000F2F14 /* MGTwitterMessagesParser.m */ = {isa = PBXFileReference; fileEncoding = 4; lastKnownFileType = sourcecode.c.objc; path = MGTwitterMessagesParser.m; sourceTree = "<group>"; };
		22483A431248EDF5000F2F14 /* MGTwitterMiscParser.h */ = {isa = PBXFileReference; fileEncoding = 4; lastKnownFileType = sourcecode.c.h; path = MGTwitterMiscParser.h; sourceTree = "<group>"; };
		22483A441248EDF5000F2F14 /* MGTwitterMiscParser.m */ = {isa = PBXFileReference; fileEncoding = 4; lastKnownFileType = sourcecode.c.objc; path = MGTwitterMiscParser.m; sourceTree = "<group>"; };
		22483A451248EDF5000F2F14 /* MGTwitterParserFactoryNSXML.h */ = {isa = PBXFileReference; fileEncoding = 4; lastKnownFileType = sourcecode.c.h; path = MGTwitterParserFactoryNSXML.h; sourceTree = "<group>"; };
		22483A461248EDF5000F2F14 /* MGTwitterParserFactoryNSXML.m */ = {isa = PBXFileReference; fileEncoding = 4; lastKnownFileType = sourcecode.c.objc; path = MGTwitterParserFactoryNSXML.m; sourceTree = "<group>"; };
		22483A471248EDF5000F2F14 /* MGTwitterSocialGraphParser.h */ = {isa = PBXFileReference; fileEncoding = 4; lastKnownFileType = sourcecode.c.h; path = MGTwitterSocialGraphParser.h; sourceTree = "<group>"; };
		22483A481248EDF5000F2F14 /* MGTwitterSocialGraphParser.m */ = {isa = PBXFileReference; fileEncoding = 4; lastKnownFileType = sourcecode.c.objc; path = MGTwitterSocialGraphParser.m; sourceTree = "<group>"; };
		22483A491248EDF5000F2F14 /* MGTwitterStatusesParser.h */ = {isa = PBXFileReference; fileEncoding = 4; lastKnownFileType = sourcecode.c.h; path = MGTwitterStatusesParser.h; sourceTree = "<group>"; };
		22483A4A1248EDF5000F2F14 /* MGTwitterStatusesParser.m */ = {isa = PBXFileReference; fileEncoding = 4; lastKnownFileType = sourcecode.c.objc; path = MGTwitterStatusesParser.m; sourceTree = "<group>"; };
		22483A4B1248EDF5000F2F14 /* MGTwitterUserListsParser.h */ = {isa = PBXFileReference; fileEncoding = 4; lastKnownFileType = sourcecode.c.h; path = MGTwitterUserListsParser.h; sourceTree = "<group>"; };
		22483A4C1248EDF5000F2F14 /* MGTwitterUserListsParser.m */ = {isa = PBXFileReference; fileEncoding = 4; lastKnownFileType = sourcecode.c.objc; path = MGTwitterUserListsParser.m; sourceTree = "<group>"; };
		22483A4D1248EDF5000F2F14 /* MGTwitterUsersLibXMLParser.h */ = {isa = PBXFileReference; fileEncoding = 4; lastKnownFileType = sourcecode.c.h; name = MGTwitterUsersLibXMLParser.h; path = ../NSXML/MGTwitterUsersLibXMLParser.h; sourceTree = "<group>"; };
		22483A4E1248EDF5000F2F14 /* MGTwitterUsersLibXMLParser.m */ = {isa = PBXFileReference; fileEncoding = 4; lastKnownFileType = sourcecode.c.objc; name = MGTwitterUsersLibXMLParser.m; path = ../NSXML/MGTwitterUsersLibXMLParser.m; sourceTree = "<group>"; };
		22483A4F1248EDF5000F2F14 /* MGTwitterUsersParser.h */ = {isa = PBXFileReference; fileEncoding = 4; lastKnownFileType = sourcecode.c.h; path = MGTwitterUsersParser.h; sourceTree = "<group>"; };
		22483A501248EDF5000F2F14 /* MGTwitterUsersParser.m */ = {isa = PBXFileReference; fileEncoding = 4; lastKnownFileType = sourcecode.c.objc; path = MGTwitterUsersParser.m; sourceTree = "<group>"; };
		22483A511248EDF5000F2F14 /* MGTwitterXMLParser.h */ = {isa = PBXFileReference; fileEncoding = 4; lastKnownFileType = sourcecode.c.h; path = MGTwitterXMLParser.h; sourceTree = "<group>"; };
		22483A521248EDF5000F2F14 /* MGTwitterXMLParser.m */ = {isa = PBXFileReference; fileEncoding = 4; lastKnownFileType = sourcecode.c.objc; path = MGTwitterXMLParser.m; sourceTree = "<group>"; };
		22483BA11248FB39000F2F14 /* NSMutableURLRequest+Parameters.h */ = {isa = PBXFileReference; fileEncoding = 4; lastKnownFileType = sourcecode.c.h; path = "NSMutableURLRequest+Parameters.h"; sourceTree = "<group>"; };
		22483BA21248FB39000F2F14 /* NSMutableURLRequest+Parameters.m */ = {isa = PBXFileReference; fileEncoding = 4; lastKnownFileType = sourcecode.c.objc; path = "NSMutableURLRequest+Parameters.m"; sourceTree = "<group>"; };
		22483BA31248FB39000F2F14 /* NSString+URLEncoding.h */ = {isa = PBXFileReference; fileEncoding = 4; lastKnownFileType = sourcecode.c.h; path = "NSString+URLEncoding.h"; sourceTree = "<group>"; };
		22483BA41248FB39000F2F14 /* NSString+URLEncoding.m */ = {isa = PBXFileReference; fileEncoding = 4; lastKnownFileType = sourcecode.c.objc; path = "NSString+URLEncoding.m"; sourceTree = "<group>"; };
		22483BA51248FB39000F2F14 /* NSURL+Base.h */ = {isa = PBXFileReference; fileEncoding = 4; lastKnownFileType = sourcecode.c.h; path = "NSURL+Base.h"; sourceTree = "<group>"; };
		22483BA61248FB39000F2F14 /* NSURL+Base.m */ = {isa = PBXFileReference; fileEncoding = 4; lastKnownFileType = sourcecode.c.objc; path = "NSURL+Base.m"; sourceTree = "<group>"; };
		22483BA81248FB39000F2F14 /* Base64Transcoder.c */ = {isa = PBXFileReference; fileEncoding = 4; lastKnownFileType = sourcecode.c.c; path = Base64Transcoder.c; sourceTree = "<group>"; };
		22483BA91248FB39000F2F14 /* Base64Transcoder.h */ = {isa = PBXFileReference; fileEncoding = 4; lastKnownFileType = sourcecode.c.h; path = Base64Transcoder.h; sourceTree = "<group>"; };
		22483BAA1248FB39000F2F14 /* hmac.c */ = {isa = PBXFileReference; fileEncoding = 4; lastKnownFileType = sourcecode.c.c; path = hmac.c; sourceTree = "<group>"; };
		22483BAB1248FB39000F2F14 /* hmac.h */ = {isa = PBXFileReference; fileEncoding = 4; lastKnownFileType = sourcecode.c.h; path = hmac.h; sourceTree = "<group>"; };
		22483BAC1248FB39000F2F14 /* sha1.c */ = {isa = PBXFileReference; fileEncoding = 4; lastKnownFileType = sourcecode.c.c; path = sha1.c; sourceTree = "<group>"; };
		22483BAD1248FB39000F2F14 /* sha1.h */ = {isa = PBXFileReference; fileEncoding = 4; lastKnownFileType = sourcecode.c.h; path = sha1.h; sourceTree = "<group>"; };
		22483BAE1248FB39000F2F14 /* OACall.h */ = {isa = PBXFileReference; fileEncoding = 4; lastKnownFileType = sourcecode.c.h; path = OACall.h; sourceTree = "<group>"; };
		22483BAF1248FB39000F2F14 /* OACall.m */ = {isa = PBXFileReference; fileEncoding = 4; lastKnownFileType = sourcecode.c.objc; path = OACall.m; sourceTree = "<group>"; };
		22483BB01248FB39000F2F14 /* OAConsumer.h */ = {isa = PBXFileReference; fileEncoding = 4; lastKnownFileType = sourcecode.c.h; path = OAConsumer.h; sourceTree = "<group>"; };
		22483BB11248FB39000F2F14 /* OAConsumer.m */ = {isa = PBXFileReference; fileEncoding = 4; lastKnownFileType = sourcecode.c.objc; path = OAConsumer.m; sourceTree = "<group>"; };
		22483BB21248FB39000F2F14 /* OADataFetcher.h */ = {isa = PBXFileReference; fileEncoding = 4; lastKnownFileType = sourcecode.c.h; path = OADataFetcher.h; sourceTree = "<group>"; };
		22483BB31248FB39000F2F14 /* OADataFetcher.m */ = {isa = PBXFileReference; fileEncoding = 4; lastKnownFileType = sourcecode.c.objc; path = OADataFetcher.m; sourceTree = "<group>"; };
		22483BB41248FB39000F2F14 /* OAHMAC_SHA1SignatureProvider.h */ = {isa = PBXFileReference; fileEncoding = 4; lastKnownFileType = sourcecode.c.h; path = OAHMAC_SHA1SignatureProvider.h; sourceTree = "<group>"; };
		22483BB51248FB39000F2F14 /* OAHMAC_SHA1SignatureProvider.m */ = {isa = PBXFileReference; fileEncoding = 4; lastKnownFileType = sourcecode.c.objc; path = OAHMAC_SHA1SignatureProvider.m; sourceTree = "<group>"; };
		22483BB61248FB39000F2F14 /* OAMutableURLRequest.h */ = {isa = PBXFileReference; fileEncoding = 4; lastKnownFileType = sourcecode.c.h; path = OAMutableURLRequest.h; sourceTree = "<group>"; };
		22483BB71248FB39000F2F14 /* OAMutableURLRequest.m */ = {isa = PBXFileReference; fileEncoding = 4; lastKnownFileType = sourcecode.c.objc; path = OAMutableURLRequest.m; sourceTree = "<group>"; };
		22483BB81248FB39000F2F14 /* OAPlaintextSignatureProvider.h */ = {isa = PBXFileReference; fileEncoding = 4; lastKnownFileType = sourcecode.c.h; path = OAPlaintextSignatureProvider.h; sourceTree = "<group>"; };
		22483BB91248FB39000F2F14 /* OAPlaintextSignatureProvider.m */ = {isa = PBXFileReference; fileEncoding = 4; lastKnownFileType = sourcecode.c.objc; path = OAPlaintextSignatureProvider.m; sourceTree = "<group>"; };
		22483BBA1248FB39000F2F14 /* OAProblem.h */ = {isa = PBXFileReference; fileEncoding = 4; lastKnownFileType = sourcecode.c.h; path = OAProblem.h; sourceTree = "<group>"; };
		22483BBB1248FB39000F2F14 /* OAProblem.m */ = {isa = PBXFileReference; fileEncoding = 4; lastKnownFileType = sourcecode.c.objc; path = OAProblem.m; sourceTree = "<group>"; };
		22483BBC1248FB39000F2F14 /* OARequestParameter.h */ = {isa = PBXFileReference; fileEncoding = 4; lastKnownFileType = sourcecode.c.h; path = OARequestParameter.h; sourceTree = "<group>"; };
		22483BBD1248FB39000F2F14 /* OARequestParameter.m */ = {isa = PBXFileReference; fileEncoding = 4; lastKnownFileType = sourcecode.c.objc; path = OARequestParameter.m; sourceTree = "<group>"; };
		22483BBE1248FB39000F2F14 /* OAServiceTicket.h */ = {isa = PBXFileReference; fileEncoding = 4; lastKnownFileType = sourcecode.c.h; path = OAServiceTicket.h; sourceTree = "<group>"; };
		22483BBF1248FB39000F2F14 /* OAServiceTicket.m */ = {isa = PBXFileReference; fileEncoding = 4; lastKnownFileType = sourcecode.c.objc; path = OAServiceTicket.m; sourceTree = "<group>"; };
		22483BC01248FB39000F2F14 /* OASignatureProviding.h */ = {isa = PBXFileReference; fileEncoding = 4; lastKnownFileType = sourcecode.c.h; path = OASignatureProviding.h; sourceTree = "<group>"; };
		22483BC21248FB39000F2F14 /* OAToken.h */ = {isa = PBXFileReference; fileEncoding = 4; lastKnownFileType = sourcecode.c.h; path = OAToken.h; sourceTree = "<group>"; };
		22483BC31248FB39000F2F14 /* OAToken.m */ = {isa = PBXFileReference; fileEncoding = 4; lastKnownFileType = sourcecode.c.objc; path = OAToken.m; sourceTree = "<group>"; };
		22483BC41248FB39000F2F14 /* OATokenManager.h */ = {isa = PBXFileReference; fileEncoding = 4; lastKnownFileType = sourcecode.c.h; path = OATokenManager.h; sourceTree = "<group>"; };
		22483BC51248FB39000F2F14 /* OATokenManager.m */ = {isa = PBXFileReference; fileEncoding = 4; lastKnownFileType = sourcecode.c.objc; path = OATokenManager.m; sourceTree = "<group>"; };
		22483BC61248FB39000F2F14 /* OAuthConsumer.h */ = {isa = PBXFileReference; fileEncoding = 4; lastKnownFileType = sourcecode.c.h; path = OAuthConsumer.h; sourceTree = "<group>"; };
		22483C591248FDA9000F2F14 /* MGTwitterLogging.h */ = {isa = PBXFileReference; fileEncoding = 4; lastKnownFileType = sourcecode.c.h; path = MGTwitterLogging.h; sourceTree = "<group>"; };
		22483CA91248FE5F000F2F14 /* CDataScanner.h */ = {isa = PBXFileReference; fileEncoding = 4; lastKnownFileType = sourcecode.c.h; path = CDataScanner.h; sourceTree = "<group>"; };
		22483CAA1248FE5F000F2F14 /* CDataScanner.m */ = {isa = PBXFileReference; fileEncoding = 4; lastKnownFileType = sourcecode.c.objc; path = CDataScanner.m; sourceTree = "<group>"; };
		22483CAC1248FE5F000F2F14 /* CExtensibleJSONDataSerializer.h */ = {isa = PBXFileReference; fileEncoding = 4; lastKnownFileType = sourcecode.c.h; path = CExtensibleJSONDataSerializer.h; sourceTree = "<group>"; };
		22483CAD1248FE5F000F2F14 /* CExtensibleJSONDataSerializer.m */ = {isa = PBXFileReference; fileEncoding = 4; lastKnownFileType = sourcecode.c.objc; path = CExtensibleJSONDataSerializer.m; sourceTree = "<group>"; };
		22483CAF1248FE5F000F2F14 /* CDataScanner_Extensions.h */ = {isa = PBXFileReference; fileEncoding = 4; lastKnownFileType = sourcecode.c.h; path = CDataScanner_Extensions.h; sourceTree = "<group>"; };
		22483CB01248FE5F000F2F14 /* CDataScanner_Extensions.m */ = {isa = PBXFileReference; fileEncoding = 4; lastKnownFileType = sourcecode.c.objc; path = CDataScanner_Extensions.m; sourceTree = "<group>"; };
		22483CB11248FE5F000F2F14 /* NSCharacterSet_Extensions.h */ = {isa = PBXFileReference; fileEncoding = 4; lastKnownFileType = sourcecode.c.h; path = NSCharacterSet_Extensions.h; sourceTree = "<group>"; };
		22483CB21248FE5F000F2F14 /* NSCharacterSet_Extensions.m */ = {isa = PBXFileReference; fileEncoding = 4; lastKnownFileType = sourcecode.c.objc; path = NSCharacterSet_Extensions.m; sourceTree = "<group>"; };
		22483CB31248FE5F000F2F14 /* NSDictionary_JSONExtensions.h */ = {isa = PBXFileReference; fileEncoding = 4; lastKnownFileType = sourcecode.c.h; path = NSDictionary_JSONExtensions.h; sourceTree = "<group>"; };
		22483CB41248FE5F000F2F14 /* NSDictionary_JSONExtensions.m */ = {isa = PBXFileReference; fileEncoding = 4; lastKnownFileType = sourcecode.c.objc; path = NSDictionary_JSONExtensions.m; sourceTree = "<group>"; };
		22483CB51248FE5F000F2F14 /* NSScanner_Extensions.h */ = {isa = PBXFileReference; fileEncoding = 4; lastKnownFileType = sourcecode.c.h; path = NSScanner_Extensions.h; sourceTree = "<group>"; };
		22483CB61248FE5F000F2F14 /* NSScanner_Extensions.m */ = {isa = PBXFileReference; fileEncoding = 4; lastKnownFileType = sourcecode.c.objc; path = NSScanner_Extensions.m; sourceTree = "<group>"; };
		22483CB81248FE5F000F2F14 /* CJSONDataSerializer.h */ = {isa = PBXFileReference; fileEncoding = 4; lastKnownFileType = sourcecode.c.h; path = CJSONDataSerializer.h; sourceTree = "<group>"; };
		22483CB91248FE5F000F2F14 /* CJSONDataSerializer.m */ = {isa = PBXFileReference; fileEncoding = 4; lastKnownFileType = sourcecode.c.objc; path = CJSONDataSerializer.m; sourceTree = "<group>"; };
		22483CBA1248FE5F000F2F14 /* CJSONDeserializer.h */ = {isa = PBXFileReference; fileEncoding = 4; lastKnownFileType = sourcecode.c.h; path = CJSONDeserializer.h; sourceTree = "<group>"; };
		22483CBB1248FE5F000F2F14 /* CJSONDeserializer.m */ = {isa = PBXFileReference; fileEncoding = 4; lastKnownFileType = sourcecode.c.objc; path = CJSONDeserializer.m; sourceTree = "<group>"; };
		22483CBC1248FE5F000F2F14 /* CJSONScanner.h */ = {isa = PBXFileReference; fileEncoding = 4; lastKnownFileType = sourcecode.c.h; path = CJSONScanner.h; sourceTree = "<group>"; };
		22483CBD1248FE5F000F2F14 /* CJSONScanner.m */ = {isa = PBXFileReference; fileEncoding = 4; lastKnownFileType = sourcecode.c.objc; path = CJSONScanner.m; sourceTree = "<group>"; };
		22483CBE1248FE5F000F2F14 /* CJSONSerializer.h */ = {isa = PBXFileReference; fileEncoding = 4; lastKnownFileType = sourcecode.c.h; path = CJSONSerializer.h; sourceTree = "<group>"; };
		22483CBF1248FE5F000F2F14 /* CJSONSerializer.m */ = {isa = PBXFileReference; fileEncoding = 4; lastKnownFileType = sourcecode.c.objc; path = CJSONSerializer.m; sourceTree = "<group>"; };
		22483CC01248FE5F000F2F14 /* CSerializedJSONData.h */ = {isa = PBXFileReference; fileEncoding = 4; lastKnownFileType = sourcecode.c.h; path = CSerializedJSONData.h; sourceTree = "<group>"; };
		22483CC11248FE5F000F2F14 /* CSerializedJSONData.m */ = {isa = PBXFileReference; fileEncoding = 4; lastKnownFileType = sourcecode.c.objc; path = CSerializedJSONData.m; sourceTree = "<group>"; };
		29B97316FDCFA39411CA2CEA /* main.m */ = {isa = PBXFileReference; fileEncoding = 4; lastKnownFileType = sourcecode.c.objc; path = main.m; sourceTree = "<group>"; };
		29B97319FDCFA39411CA2CEA /* English */ = {isa = PBXFileReference; lastKnownFileType = wrapper.nib; name = English; path = English.lproj/MainMenu.nib; sourceTree = "<group>"; };
		29B97324FDCFA39411CA2CEA /* AppKit.framework */ = {isa = PBXFileReference; lastKnownFileType = wrapper.framework; name = AppKit.framework; path = /System/Library/Frameworks/AppKit.framework; sourceTree = "<absolute>"; };
		29B97325FDCFA39411CA2CEA /* Foundation.framework */ = {isa = PBXFileReference; lastKnownFileType = wrapper.framework; name = Foundation.framework; path = /System/Library/Frameworks/Foundation.framework; sourceTree = "<absolute>"; };
		32CA4F630368D1EE00C91783 /* MGTwitterEngine_Prefix.pch */ = {isa = PBXFileReference; fileEncoding = 4; lastKnownFileType = sourcecode.c.h; path = MGTwitterEngine_Prefix.pch; sourceTree = "<group>"; };
		44F7517B0E47DBD600858A1B /* libxml2.dylib */ = {isa = PBXFileReference; lastKnownFileType = "compiled.mach-o.dylib"; name = libxml2.dylib; path = /usr/lib/libxml2.dylib; sourceTree = "<absolute>"; };
		44F751A50E47DEC400858A1B /* NSData+Base64.m */ = {isa = PBXFileReference; fileEncoding = 4; lastKnownFileType = sourcecode.c.objc; path = "NSData+Base64.m"; sourceTree = "<group>"; };
		44F751A60E47DEC400858A1B /* NSData+Base64.h */ = {isa = PBXFileReference; fileEncoding = 4; lastKnownFileType = sourcecode.c.h; path = "NSData+Base64.h"; sourceTree = "<group>"; };
		8D1107310486CEB800E47090 /* Info.plist */ = {isa = PBXFileReference; fileEncoding = 4; lastKnownFileType = text.plist.xml; path = Info.plist; sourceTree = "<group>"; };
		8D1107320486CEB800E47090 /* MGTwitterEngine.app */ = {isa = PBXFileReference; explicitFileType = wrapper.application; includeInIndex = 0; path = MGTwitterEngine.app; sourceTree = BUILT_PRODUCTS_DIR; };
		C90F750D0D6A4CE100F602A5 /* TODO */ = {isa = PBXFileReference; fileEncoding = 4; lastKnownFileType = text; path = TODO; sourceTree = "<group>"; };
		C92F28EE0E4DE7BC00CF98F8 /* MGTwitterEngineGlobalHeader.h */ = {isa = PBXFileReference; fileEncoding = 4; lastKnownFileType = sourcecode.c.h; path = MGTwitterEngineGlobalHeader.h; sourceTree = "<group>"; };
		C93312570D6EE53E00C76652 /* Source Code License.rtf */ = {isa = PBXFileReference; lastKnownFileType = text.rtf; path = "Source Code License.rtf"; sourceTree = "<group>"; };
		C9811E5B0D5F696200720D77 /* AppController.h */ = {isa = PBXFileReference; fileEncoding = 4; lastKnownFileType = sourcecode.c.h; path = AppController.h; sourceTree = "<group>"; };
		C9811E5C0D5F696200720D77 /* AppController.m */ = {isa = PBXFileReference; fileEncoding = 4; lastKnownFileType = sourcecode.c.objc; path = AppController.m; sourceTree = "<group>"; };
		C9811E620D5F69B500720D77 /* MGTwitterEngine.h */ = {isa = PBXFileReference; fileEncoding = 4; lastKnownFileType = sourcecode.c.h; path = MGTwitterEngine.h; sourceTree = "<group>"; };
		C9811E630D5F69B500720D77 /* MGTwitterEngine.m */ = {isa = PBXFileReference; fileEncoding = 4; lastKnownFileType = sourcecode.c.objc; path = MGTwitterEngine.m; sourceTree = "<group>"; };
		C9AE94650D6761F800ADEBEC /* MGTwitterEngineDelegate.h */ = {isa = PBXFileReference; fileEncoding = 4; lastKnownFileType = sourcecode.c.h; path = MGTwitterEngineDelegate.h; sourceTree = "<group>"; };
		C9AE949A0D678D4400ADEBEC /* MGTwitterHTTPURLConnection.h */ = {isa = PBXFileReference; fileEncoding = 4; lastKnownFileType = sourcecode.c.h; path = MGTwitterHTTPURLConnection.h; sourceTree = "<group>"; };
		C9AE949B0D678D4400ADEBEC /* MGTwitterHTTPURLConnection.m */ = {isa = PBXFileReference; fileEncoding = 4; lastKnownFileType = sourcecode.c.objc; path = MGTwitterHTTPURLConnection.m; sourceTree = "<group>"; };
		C9E497610D686B3500C83995 /* MGTwitterRequestTypes.h */ = {isa = PBXFileReference; fileEncoding = 4; lastKnownFileType = sourcecode.c.h; path = MGTwitterRequestTypes.h; sourceTree = "<group>"; };
		C9EF989F0D68AB970041A17E /* NSString+UUID.h */ = {isa = PBXFileReference; fileEncoding = 4; lastKnownFileType = sourcecode.c.h; path = "NSString+UUID.h"; sourceTree = "<group>"; };
		C9EF98A00D68AB970041A17E /* NSString+UUID.m */ = {isa = PBXFileReference; fileEncoding = 4; lastKnownFileType = sourcecode.c.objc; path = "NSString+UUID.m"; sourceTree = "<group>"; };
		C9F6B4910D6F18290066FC1E /* README.txt */ = {isa = PBXFileReference; fileEncoding = 4; lastKnownFileType = text; path = README.txt; sourceTree = "<group>"; };
/* End PBXFileReference section */

/* Begin PBXFrameworksBuildPhase section */
		8D11072E0486CEB800E47090 /* Frameworks */ = {
			isa = PBXFrameworksBuildPhase;
			buildActionMask = 2147483647;
			files = (
				8D11072F0486CEB800E47090 /* Cocoa.framework in Frameworks */,
				44F7517C0E47DBD600858A1B /* libxml2.dylib in Frameworks */,
				1E4C01E01186A5260092F9AD /* Security.framework in Frameworks */,
			);
			runOnlyForDeploymentPostprocessing = 0;
		};
/* End PBXFrameworksBuildPhase section */

/* Begin PBXGroup section */
		080E96DDFE201D6D7F000001 /* Classes */ = {
			isa = PBXGroup;
			children = (
				22483C801248FE5F000F2F14 /* TouchJSON */,
				22483B3B1248FB39000F2F14 /* OAuthConsumer */,
				1E4C01841186A45C0092F9AD /* yajl */,
				C9FEB1280D609585009AA322 /* Demo */,
				C9FEB1290D609598009AA322 /* MGTwitterEngine */,
			);
			name = Classes;
			sourceTree = "<group>";
		};
		1058C7A0FEA54F0111CA2CBB /* Linked Frameworks */ = {
			isa = PBXGroup;
			children = (
				1058C7A1FEA54F0111CA2CBB /* Cocoa.framework */,
			);
			name = "Linked Frameworks";
			sourceTree = "<group>";
		};
		1058C7A2FEA54F0111CA2CBB /* Other Frameworks */ = {
			isa = PBXGroup;
			children = (
				44F7517B0E47DBD600858A1B /* libxml2.dylib */,
				29B97324FDCFA39411CA2CEA /* AppKit.framework */,
				29B97325FDCFA39411CA2CEA /* Foundation.framework */,
			);
			name = "Other Frameworks";
			sourceTree = "<group>";
		};
		19C28FACFE9D520D11CA2CBB /* Products */ = {
			isa = PBXGroup;
			children = (
				8D1107320486CEB800E47090 /* MGTwitterEngine.app */,
			);
			name = Products;
			sourceTree = "<group>";
		};
		1E4C01841186A45C0092F9AD /* yajl */ = {
			isa = PBXGroup;
			children = (
				1E4C01851186A47C0092F9AD /* yajl_common.h */,
				1E4C01861186A47C0092F9AD /* yajl_gen.h */,
				1E4C01871186A47C0092F9AD /* yajl_parse.h */,
				1E4C01881186A47C0092F9AD /* yajl_alloc.c */,
				1E4C01891186A47C0092F9AD /* yajl_alloc.h */,
				1E4C018A1186A47C0092F9AD /* yajl_buf.c */,
				1E4C018B1186A47C0092F9AD /* yajl_buf.h */,
				1E4C018C1186A47C0092F9AD /* yajl_bytestack.h */,
				1E4C018D1186A47C0092F9AD /* yajl_encode.c */,
				1E4C018E1186A47C0092F9AD /* yajl_encode.h */,
				1E4C018F1186A47C0092F9AD /* yajl_gen.c */,
				1E4C01901186A47C0092F9AD /* yajl_lex.c */,
				1E4C01911186A47C0092F9AD /* yajl_lex.h */,
				1E4C01921186A47C0092F9AD /* yajl_parser.c */,
				1E4C01931186A47C0092F9AD /* yajl_parser.h */,
				1E4C01941186A47C0092F9AD /* yajl.c */,
			);
			path = yajl;
			sourceTree = "<group>";
		};
		22483A0C1248EDF5000F2F14 /* Parsers */ = {
			isa = PBXGroup;
			children = (
				22483A2D1248EDF5000F2F14 /* MGTwitterParserDelegate.h */,
				22483A2E1248EDF5000F2F14 /* MGTwitterParserFactory.h */,
				22483A2F1248EDF5000F2F14 /* MGTwitterParserFactory.m */,
				22483A0D1248EDF5000F2F14 /* JSON */,
				22483A301248EDF5000F2F14 /* XML */,
			);
			name = Parsers;
			path = parsers;
			sourceTree = "<group>";
		};
		22483A0D1248EDF5000F2F14 /* JSON */ = {
			isa = PBXGroup;
			children = (
				22483A0E1248EDF5000F2F14 /* MGTwitterParserFactoryJSON.h */,
				22483A0F1248EDF5000F2F14 /* MGTwitterParserFactoryJSON.m */,
				22483A101248EDF5000F2F14 /* TouchJSON */,
				22483A151248EDF5000F2F14 /* YAJL */,
				22483A241248EDF5000F2F14 /* YAJLGeneric */,
			);
			path = JSON;
			sourceTree = "<group>";
		};
		22483A101248EDF5000F2F14 /* TouchJSON */ = {
			isa = PBXGroup;
			children = (
				22483A111248EDF5000F2F14 /* MGTwitterParserFactoryTouchJSON.h */,
				22483A121248EDF5000F2F14 /* MGTwitterParserFactoryTouchJSON.m */,
				22483A131248EDF5000F2F14 /* MGTwitterTouchJSONParser.h */,
				22483A141248EDF5000F2F14 /* MGTwitterTouchJSONParser.m */,
			);
			path = TouchJSON;
			sourceTree = "<group>";
		};
		22483A151248EDF5000F2F14 /* YAJL */ = {
			isa = PBXGroup;
			children = (
				22483A161248EDF5000F2F14 /* MGTwitterMessagesYAJLParser.h */,
				22483A171248EDF5000F2F14 /* MGTwitterMessagesYAJLParser.m */,
				22483A181248EDF5000F2F14 /* MGTwitterMiscYAJLParser.h */,
				22483A191248EDF5000F2F14 /* MGTwitterMiscYAJLParser.m */,
				22483A1A1248EDF5000F2F14 /* MGTwitterParserFactoryYAJL.h */,
				22483A1B1248EDF5000F2F14 /* MGTwitterParserFactoryYAJL.m */,
				22483A1C1248EDF5000F2F14 /* MGTwitterSearchYAJLParser.h */,
				22483A1D1248EDF5000F2F14 /* MGTwitterSearchYAJLParser.m */,
				22483A1E1248EDF5000F2F14 /* MGTwitterStatusesYAJLParser.h */,
				22483A1F1248EDF5000F2F14 /* MGTwitterStatusesYAJLParser.m */,
				22483A201248EDF5000F2F14 /* MGTwitterUsersYAJLParser.h */,
				22483A211248EDF5000F2F14 /* MGTwitterUsersYAJLParser.m */,
				22483A221248EDF5000F2F14 /* MGTwitterYAJLParser.h */,
				22483A231248EDF5000F2F14 /* MGTwitterYAJLParser.m */,
			);
			path = YAJL;
			sourceTree = "<group>";
		};
		22483A241248EDF5000F2F14 /* YAJLGeneric */ = {
			isa = PBXGroup;
			children = (
				22483A251248EDF5000F2F14 /* MGTwitterMiscYAJLGenericParser.h */,
				22483A261248EDF5000F2F14 /* MGTwitterMiscYAJLGenericParser.m */,
				22483A271248EDF5000F2F14 /* MGTwitterParserFactoryYAJLGeneric.h */,
				22483A281248EDF5000F2F14 /* MGTwitterParserFactoryYAJLGeneric.m */,
				22483A291248EDF5000F2F14 /* MGTwitterSearchYAJLGenericParser.h */,
				22483A2A1248EDF5000F2F14 /* MGTwitterSearchYAJLGenericParser.m */,
				22483A2B1248EDF5000F2F14 /* MGTwitterYAJLGenericParser.h */,
				22483A2C1248EDF5000F2F14 /* MGTwitterYAJLGenericParser.m */,
			);
			path = YAJLGeneric;
			sourceTree = "<group>";
		};
		22483A301248EDF5000F2F14 /* XML */ = {
			isa = PBXGroup;
			children = (
				22483A311248EDF5000F2F14 /* LibXML */,
				22483A3E1248EDF5000F2F14 /* MGTwitterParserFactoryXML.h */,
				22483A3F1248EDF5000F2F14 /* MGTwitterParserFactoryXML.m */,
				22483A401248EDF5000F2F14 /* NSXML */,
			);
			path = XML;
			sourceTree = "<group>";
		};
		22483A311248EDF5000F2F14 /* LibXML */ = {
			isa = PBXGroup;
			children = (
				22483A321248EDF5000F2F14 /* MGTwitterLibXMLParser.h */,
				22483A331248EDF5000F2F14 /* MGTwitterLibXMLParser.m */,
				22483A341248EDF5000F2F14 /* MGTwitterMessagesLibXMLParser.h */,
				22483A351248EDF5000F2F14 /* MGTwitterMessagesLibXMLParser.m */,
				22483A361248EDF5000F2F14 /* MGTwitterMiscLibXMLParser.h */,
				22483A371248EDF5000F2F14 /* MGTwitterMiscLibXMLParser.m */,
				22483A381248EDF5000F2F14 /* MGTwitterParserFactoryLibXML.h */,
				22483A391248EDF5000F2F14 /* MGTwitterParserFactoryLibXML.m */,
				22483A3A1248EDF5000F2F14 /* MGTwitterSocialGraphLibXMLParser.h */,
				22483A3B1248EDF5000F2F14 /* MGTwitterSocialGraphLibXMLParser.m */,
				22483A3C1248EDF5000F2F14 /* MGTwitterStatusesLibXMLParser.h */,
				22483A3D1248EDF5000F2F14 /* MGTwitterStatusesLibXMLParser.m */,
				22483A4D1248EDF5000F2F14 /* MGTwitterUsersLibXMLParser.h */,
				22483A4E1248EDF5000F2F14 /* MGTwitterUsersLibXMLParser.m */,
			);
			path = LibXML;
			sourceTree = "<group>";
		};
		22483A401248EDF5000F2F14 /* NSXML */ = {
			isa = PBXGroup;
			children = (
				22483A411248EDF5000F2F14 /* MGTwitterMessagesParser.h */,
				22483A421248EDF5000F2F14 /* MGTwitterMessagesParser.m */,
				22483A431248EDF5000F2F14 /* MGTwitterMiscParser.h */,
				22483A441248EDF5000F2F14 /* MGTwitterMiscParser.m */,
				22483A451248EDF5000F2F14 /* MGTwitterParserFactoryNSXML.h */,
				22483A461248EDF5000F2F14 /* MGTwitterParserFactoryNSXML.m */,
				22483A471248EDF5000F2F14 /* MGTwitterSocialGraphParser.h */,
				22483A481248EDF5000F2F14 /* MGTwitterSocialGraphParser.m */,
				22483A491248EDF5000F2F14 /* MGTwitterStatusesParser.h */,
				22483A4A1248EDF5000F2F14 /* MGTwitterStatusesParser.m */,
				22483A4B1248EDF5000F2F14 /* MGTwitterUserListsParser.h */,
				22483A4C1248EDF5000F2F14 /* MGTwitterUserListsParser.m */,
				22483A4F1248EDF5000F2F14 /* MGTwitterUsersParser.h */,
				22483A501248EDF5000F2F14 /* MGTwitterUsersParser.m */,
				22483A511248EDF5000F2F14 /* MGTwitterXMLParser.h */,
				22483A521248EDF5000F2F14 /* MGTwitterXMLParser.m */,
			);
			path = NSXML;
			sourceTree = "<group>";
		};
		22483B3B1248FB39000F2F14 /* OAuthConsumer */ = {
			isa = PBXGroup;
			children = (
				22483BA01248FB39000F2F14 /* Categories */,
				22483BA71248FB39000F2F14 /* Crytpo */,
				22483BAE1248FB39000F2F14 /* OACall.h */,
				22483BAF1248FB39000F2F14 /* OACall.m */,
				22483BB01248FB39000F2F14 /* OAConsumer.h */,
				22483BB11248FB39000F2F14 /* OAConsumer.m */,
				22483BB21248FB39000F2F14 /* OADataFetcher.h */,
				22483BB31248FB39000F2F14 /* OADataFetcher.m */,
				22483BB41248FB39000F2F14 /* OAHMAC_SHA1SignatureProvider.h */,
				22483BB51248FB39000F2F14 /* OAHMAC_SHA1SignatureProvider.m */,
				22483BB61248FB39000F2F14 /* OAMutableURLRequest.h */,
				22483BB71248FB39000F2F14 /* OAMutableURLRequest.m */,
				22483BB81248FB39000F2F14 /* OAPlaintextSignatureProvider.h */,
				22483BB91248FB39000F2F14 /* OAPlaintextSignatureProvider.m */,
				22483BBA1248FB39000F2F14 /* OAProblem.h */,
				22483BBB1248FB39000F2F14 /* OAProblem.m */,
				22483BBC1248FB39000F2F14 /* OARequestParameter.h */,
				22483BBD1248FB39000F2F14 /* OARequestParameter.m */,
				22483BBE1248FB39000F2F14 /* OAServiceTicket.h */,
				22483BBF1248FB39000F2F14 /* OAServiceTicket.m */,
				22483BC01248FB39000F2F14 /* OASignatureProviding.h */,
				22483BC21248FB39000F2F14 /* OAToken.h */,
				22483BC31248FB39000F2F14 /* OAToken.m */,
				22483BC41248FB39000F2F14 /* OATokenManager.h */,
				22483BC51248FB39000F2F14 /* OATokenManager.m */,
				22483BC61248FB39000F2F14 /* OAuthConsumer.h */,
			);
			name = OAuthConsumer;
			path = ../oauthconsumer;
			sourceTree = SOURCE_ROOT;
		};
		22483BA01248FB39000F2F14 /* Categories */ = {
			isa = PBXGroup;
			children = (
				22483BA11248FB39000F2F14 /* NSMutableURLRequest+Parameters.h */,
				22483BA21248FB39000F2F14 /* NSMutableURLRequest+Parameters.m */,
				22483BA31248FB39000F2F14 /* NSString+URLEncoding.h */,
				22483BA41248FB39000F2F14 /* NSString+URLEncoding.m */,
				22483BA51248FB39000F2F14 /* NSURL+Base.h */,
				22483BA61248FB39000F2F14 /* NSURL+Base.m */,
			);
			path = Categories;
			sourceTree = "<group>";
		};
		22483BA71248FB39000F2F14 /* Crytpo */ = {
			isa = PBXGroup;
			children = (
				22483BA81248FB39000F2F14 /* Base64Transcoder.c */,
				22483BA91248FB39000F2F14 /* Base64Transcoder.h */,
				22483BAA1248FB39000F2F14 /* hmac.c */,
				22483BAB1248FB39000F2F14 /* hmac.h */,
				22483BAC1248FB39000F2F14 /* sha1.c */,
				22483BAD1248FB39000F2F14 /* sha1.h */,
			);
			path = Crytpo;
			sourceTree = "<group>";
		};
		22483C801248FE5F000F2F14 /* TouchJSON */ = {
			isa = PBXGroup;
			children = (
				22483CA81248FE5F000F2F14 /* Source */,
			);
			name = TouchJSON;
			path = ../TouchJSON;
			sourceTree = SOURCE_ROOT;
		};
		22483CA81248FE5F000F2F14 /* Source */ = {
			isa = PBXGroup;
			children = (
				22483CA91248FE5F000F2F14 /* CDataScanner.h */,
				22483CAA1248FE5F000F2F14 /* CDataScanner.m */,
				22483CAB1248FE5F000F2F14 /* Experimental */,
				22483CAE1248FE5F000F2F14 /* Extensions */,
				22483CB71248FE5F000F2F14 /* JSON */,
			);
			path = Source;
			sourceTree = "<group>";
		};
		22483CAB1248FE5F000F2F14 /* Experimental */ = {
			isa = PBXGroup;
			children = (
				22483CAC1248FE5F000F2F14 /* CExtensibleJSONDataSerializer.h */,
				22483CAD1248FE5F000F2F14 /* CExtensibleJSONDataSerializer.m */,
			);
			path = Experimental;
			sourceTree = "<group>";
		};
		22483CAE1248FE5F000F2F14 /* Extensions */ = {
			isa = PBXGroup;
			children = (
				22483CAF1248FE5F000F2F14 /* CDataScanner_Extensions.h */,
				22483CB01248FE5F000F2F14 /* CDataScanner_Extensions.m */,
				22483CB11248FE5F000F2F14 /* NSCharacterSet_Extensions.h */,
				22483CB21248FE5F000F2F14 /* NSCharacterSet_Extensions.m */,
				22483CB31248FE5F000F2F14 /* NSDictionary_JSONExtensions.h */,
				22483CB41248FE5F000F2F14 /* NSDictionary_JSONExtensions.m */,
				22483CB51248FE5F000F2F14 /* NSScanner_Extensions.h */,
				22483CB61248FE5F000F2F14 /* NSScanner_Extensions.m */,
			);
			path = Extensions;
			sourceTree = "<group>";
		};
		22483CB71248FE5F000F2F14 /* JSON */ = {
			isa = PBXGroup;
			children = (
				22483CB81248FE5F000F2F14 /* CJSONDataSerializer.h */,
				22483CB91248FE5F000F2F14 /* CJSONDataSerializer.m */,
				22483CBA1248FE5F000F2F14 /* CJSONDeserializer.h */,
				22483CBB1248FE5F000F2F14 /* CJSONDeserializer.m */,
				22483CBC1248FE5F000F2F14 /* CJSONScanner.h */,
				22483CBD1248FE5F000F2F14 /* CJSONScanner.m */,
				22483CBE1248FE5F000F2F14 /* CJSONSerializer.h */,
				22483CBF1248FE5F000F2F14 /* CJSONSerializer.m */,
				22483CC01248FE5F000F2F14 /* CSerializedJSONData.h */,
				22483CC11248FE5F000F2F14 /* CSerializedJSONData.m */,
			);
			path = JSON;
			sourceTree = "<group>";
		};
		29B97314FDCFA39411CA2CEA /* MATwitterIntegration */ = {
			isa = PBXGroup;
			children = (
				C9F6B4910D6F18290066FC1E /* README.txt */,
				C93312570D6EE53E00C76652 /* Source Code License.rtf */,
				C90F750D0D6A4CE100F602A5 /* TODO */,
				080E96DDFE201D6D7F000001 /* Classes */,
				29B97315FDCFA39411CA2CEA /* Other Sources */,
				29B97317FDCFA39411CA2CEA /* Resources */,
				29B97323FDCFA39411CA2CEA /* Frameworks */,
				19C28FACFE9D520D11CA2CBB /* Products */,
				1E4C01DF1186A5260092F9AD /* Security.framework */,
			);
			name = MATwitterIntegration;
			sourceTree = "<group>";
		};
		29B97315FDCFA39411CA2CEA /* Other Sources */ = {
			isa = PBXGroup;
			children = (
				32CA4F630368D1EE00C91783 /* MGTwitterEngine_Prefix.pch */,
				29B97316FDCFA39411CA2CEA /* main.m */,
			);
			name = "Other Sources";
			sourceTree = "<group>";
		};
		29B97317FDCFA39411CA2CEA /* Resources */ = {
			isa = PBXGroup;
			children = (
				8D1107310486CEB800E47090 /* Info.plist */,
				089C165CFE840E0CC02AAC07 /* InfoPlist.strings */,
				29B97318FDCFA39411CA2CEA /* MainMenu.nib */,
			);
			name = Resources;
			sourceTree = "<group>";
		};
		29B97323FDCFA39411CA2CEA /* Frameworks */ = {
			isa = PBXGroup;
			children = (
				1058C7A0FEA54F0111CA2CBB /* Linked Frameworks */,
				1058C7A2FEA54F0111CA2CBB /* Other Frameworks */,
			);
			name = Frameworks;
			sourceTree = "<group>";
		};
		C90F748C0D69FDE000F602A5 /* Categories */ = {
			isa = PBXGroup;
			children = (
				C9EF989F0D68AB970041A17E /* NSString+UUID.h */,
				C9EF98A00D68AB970041A17E /* NSString+UUID.m */,
				44F751A60E47DEC400858A1B /* NSData+Base64.h */,
				44F751A50E47DEC400858A1B /* NSData+Base64.m */,
			);
			name = Categories;
			sourceTree = "<group>";
		};
		C9FEB1280D609585009AA322 /* Demo */ = {
			isa = PBXGroup;
			children = (
				C9811E5B0D5F696200720D77 /* AppController.h */,
				C9811E5C0D5F696200720D77 /* AppController.m */,
			);
			name = Demo;
			sourceTree = "<group>";
		};
		C9FEB1290D609598009AA322 /* MGTwitterEngine */ = {
			isa = PBXGroup;
			children = (
				C92F28EE0E4DE7BC00CF98F8 /* MGTwitterEngineGlobalHeader.h */,
				C9811E620D5F69B500720D77 /* MGTwitterEngine.h */,
				C9811E630D5F69B500720D77 /* MGTwitterEngine.m */,
				C9AE94650D6761F800ADEBEC /* MGTwitterEngineDelegate.h */,
				C9AE949A0D678D4400ADEBEC /* MGTwitterHTTPURLConnection.h */,
				C9AE949B0D678D4400ADEBEC /* MGTwitterHTTPURLConnection.m */,
				22483C591248FDA9000F2F14 /* MGTwitterLogging.h */,
				C9E497610D686B3500C83995 /* MGTwitterRequestTypes.h */,
				22483A0C1248EDF5000F2F14 /* Parsers */,
				C90F748C0D69FDE000F602A5 /* Categories */,
			);
			name = MGTwitterEngine;
			sourceTree = "<group>";
		};
/* End PBXGroup section */

/* Begin PBXNativeTarget section */
		8D1107260486CEB800E47090 /* MGTwitterEngine */ = {
			isa = PBXNativeTarget;
			buildConfigurationList = C01FCF4A08A954540054247B /* Build configuration list for PBXNativeTarget "MGTwitterEngine" */;
			buildPhases = (
				8D1107290486CEB800E47090 /* Resources */,
				8D11072C0486CEB800E47090 /* Sources */,
				8D11072E0486CEB800E47090 /* Frameworks */,
			);
			buildRules = (
			);
			dependencies = (
			);
			name = MGTwitterEngine;
			productInstallPath = "$(HOME)/Applications";
			productName = MATwitterIntegration;
			productReference = 8D1107320486CEB800E47090 /* MGTwitterEngine.app */;
			productType = "com.apple.product-type.application";
		};
/* End PBXNativeTarget section */

/* Begin PBXProject section */
		29B97313FDCFA39411CA2CEA /* Project object */ = {
			isa = PBXProject;
			buildConfigurationList = C01FCF4E08A954540054247B /* Build configuration list for PBXProject "MGTwitterEngine" */;
			compatibilityVersion = "Xcode 3.0";
			developmentRegion = English;
			hasScannedForEncodings = 1;
			knownRegions = (
				English,
				Japanese,
				French,
				German,
			);
			mainGroup = 29B97314FDCFA39411CA2CEA /* MATwitterIntegration */;
			projectDirPath = "";
			projectRoot = "";
			targets = (
				8D1107260486CEB800E47090 /* MGTwitterEngine */,
			);
		};
/* End PBXProject section */

/* Begin PBXResourcesBuildPhase section */
		8D1107290486CEB800E47090 /* Resources */ = {
			isa = PBXResourcesBuildPhase;
			buildActionMask = 2147483647;
			files = (
				8D11072A0486CEB800E47090 /* MainMenu.nib in Resources */,
				8D11072B0486CEB800E47090 /* InfoPlist.strings in Resources */,
			);
			runOnlyForDeploymentPostprocessing = 0;
		};
/* End PBXResourcesBuildPhase section */

/* Begin PBXSourcesBuildPhase section */
		8D11072C0486CEB800E47090 /* Sources */ = {
			isa = PBXSourcesBuildPhase;
			buildActionMask = 2147483647;
			files = (
				8D11072D0486CEB800E47090 /* main.m in Sources */,
				C9811E5D0D5F696200720D77 /* AppController.m in Sources */,
				C9811E640D5F69B500720D77 /* MGTwitterEngine.m in Sources */,
				C9AE949C0D678D4400ADEBEC /* MGTwitterHTTPURLConnection.m in Sources */,
				C9EF98A10D68AB970041A17E /* NSString+UUID.m in Sources */,
				44F751A70E47DEC400858A1B /* NSData+Base64.m in Sources */,
				22483A611248EDF5000F2F14 /* MGTwitterParserFactory.m in Sources */,
				22483C001248FB39000F2F14 /* NSMutableURLRequest+Parameters.m in Sources */,
				22483C011248FB39000F2F14 /* NSString+URLEncoding.m in Sources */,
				22483C021248FB39000F2F14 /* NSURL+Base.m in Sources */,
				22483C031248FB39000F2F14 /* Base64Transcoder.c in Sources */,
				22483C041248FB39000F2F14 /* hmac.c in Sources */,
				22483C051248FB39000F2F14 /* sha1.c in Sources */,
				22483C061248FB39000F2F14 /* OACall.m in Sources */,
				22483C071248FB39000F2F14 /* OAConsumer.m in Sources */,
				22483C081248FB39000F2F14 /* OADataFetcher.m in Sources */,
				22483C091248FB39000F2F14 /* OAHMAC_SHA1SignatureProvider.m in Sources */,
				22483C0A1248FB39000F2F14 /* OAMutableURLRequest.m in Sources */,
				22483C0B1248FB39000F2F14 /* OAPlaintextSignatureProvider.m in Sources */,
				22483C0C1248FB39000F2F14 /* OAProblem.m in Sources */,
				22483C0D1248FB39000F2F14 /* OARequestParameter.m in Sources */,
				22483C0E1248FB39000F2F14 /* OAServiceTicket.m in Sources */,
				22483C101248FB39000F2F14 /* OAToken.m in Sources */,
				22483C111248FB39000F2F14 /* OATokenManager.m in Sources */,
				22483C281248FC97000F2F14 /* MGTwitterMiscParser.m in Sources */,
				22483C291248FC98000F2F14 /* MGTwitterParserFactoryNSXML.m in Sources */,
				22483C2A1248FC98000F2F14 /* MGTwitterSocialGraphParser.m in Sources */,
				22483C2B1248FC99000F2F14 /* MGTwitterStatusesParser.m in Sources */,
				22483C2C1248FC9A000F2F14 /* MGTwitterUserListsParser.m in Sources */,
				22483C2E1248FC9B000F2F14 /* MGTwitterUsersParser.m in Sources */,
				22483C2F1248FC9C000F2F14 /* MGTwitterXMLParser.m in Sources */,
				22483C321248FCB8000F2F14 /* MGTwitterParserFactoryXML.m in Sources */,
				22483C3D1248FD24000F2F14 /* MGTwitterMessagesParser.m in Sources */,
				22483D341248FE5F000F2F14 /* CDataScanner.m in Sources */,
				22483D3A1248FE5F000F2F14 /* CJSONDataSerializer.m in Sources */,
				22483D3B1248FE5F000F2F14 /* CJSONDeserializer.m in Sources */,
				22483D3C1248FE5F000F2F14 /* CJSONScanner.m in Sources */,
				22483D3D1248FE5F000F2F14 /* CJSONSerializer.m in Sources */,
				22483D3E1248FE5F000F2F14 /* CSerializedJSONData.m in Sources */,
				22483DAE1248FFCD000F2F14 /* MGTwitterParserFactoryJSON.m in Sources */,
				22483DAF1248FFCE000F2F14 /* MGTwitterParserFactoryTouchJSON.m in Sources */,
				22483DB01248FFCF000F2F14 /* MGTwitterTouchJSONParser.m in Sources */,
			);
			runOnlyForDeploymentPostprocessing = 0;
		};
/* End PBXSourcesBuildPhase section */

/* Begin PBXVariantGroup section */
		089C165CFE840E0CC02AAC07 /* InfoPlist.strings */ = {
			isa = PBXVariantGroup;
			children = (
				089C165DFE840E0CC02AAC07 /* English */,
			);
			name = InfoPlist.strings;
			sourceTree = "<group>";
		};
		29B97318FDCFA39411CA2CEA /* MainMenu.nib */ = {
			isa = PBXVariantGroup;
			children = (
				29B97319FDCFA39411CA2CEA /* English */,
			);
			name = MainMenu.nib;
			sourceTree = "<group>";
		};
/* End PBXVariantGroup section */

/* Begin XCBuildConfiguration section */
		C01FCF4B08A954540054247B /* Debug */ = {
			isa = XCBuildConfiguration;
			buildSettings = {
				ARCHS = "$(ONLY_ACTIVE_ARCH_PRE_XCODE_3_1)";
				COPY_PHASE_STRIP = NO;
				GCC_DYNAMIC_NO_PIC = NO;
				GCC_ENABLE_FIX_AND_CONTINUE = YES;
				GCC_MODEL_TUNING = G5;
				GCC_OPTIMIZATION_LEVEL = 0;
				GCC_PRECOMPILE_PREFIX_HEADER = YES;
				GCC_PREFIX_HEADER = MGTwitterEngine_Prefix.pch;
				HEADER_SEARCH_PATHS = (
					/usr/include/libxml2,
					"\"$(SRCROOT)/yajl/build/yajl-1.0.7/include/yajl\"",
				);
				INFOPLIST_FILE = Info.plist;
				INSTALL_PATH = "$(HOME)/Applications";
				LIBRARY_SEARCH_PATHS = (
					"$(inherited)",
					"\"$(SRCROOT)/yajl/build/yajl-1.0.7/lib\"",
					"\"$(SRCROOT)\"",
				);
				ONLY_ACTIVE_ARCH_PRE_XCODE_3_1 = "$(NATIVE_ARCH_ACTUAL)";
				PRODUCT_NAME = MGTwitterEngine;
				USER_HEADER_SEARCH_PATHS = "/usr/local/include/**";
				WRAPPER_EXTENSION = app;
				ZERO_LINK = YES;
			};
			name = Debug;
		};
		C01FCF4C08A954540054247B /* Release */ = {
			isa = XCBuildConfiguration;
			buildSettings = {
				DEBUG_INFORMATION_FORMAT = "dwarf-with-dsym";
				GCC_MODEL_TUNING = G5;
				GCC_PRECOMPILE_PREFIX_HEADER = YES;
				GCC_PREFIX_HEADER = MGTwitterEngine_Prefix.pch;
				HEADER_SEARCH_PATHS = (
					/usr/include/libxml2,
					"\"$(SRCROOT)/yajl/build/yajl-1.0.7/include/yajl\"",
				);
				INFOPLIST_FILE = Info.plist;
				INSTALL_PATH = "$(HOME)/Applications";
				LIBRARY_SEARCH_PATHS = (
					"$(inherited)",
					"\"$(SRCROOT)/yajl/build/yajl-1.0.7/lib\"",
					"\"$(SRCROOT)\"",
				);
				PRODUCT_NAME = MGTwitterEngine;
				USER_HEADER_SEARCH_PATHS = "/usr/local/include/**";
				WRAPPER_EXTENSION = app;
			};
			name = Release;
		};
		C01FCF4F08A954540054247B /* Debug */ = {
			isa = XCBuildConfiguration;
			buildSettings = {
				ARCHS = "$(ARCHS_STANDARD_32_BIT_PRE_XCODE_3_1)";
				ARCHS_STANDARD_32_BIT_PRE_XCODE_3_1 = "ppc i386";
				GCC_WARN_ABOUT_RETURN_TYPE = YES;
				GCC_WARN_UNUSED_VARIABLE = YES;
				HEADER_SEARCH_PATHS = /usr/include/libxml2;
				OTHER_CFLAGS = "-DDEBUG";
				PREBINDING = NO;
				SDKROOT = "$(DEVELOPER_SDK_DIR)/MacOSX10.5.sdk";
			};
			name = Debug;
		};
		C01FCF5008A954540054247B /* Release */ = {
			isa = XCBuildConfiguration;
			buildSettings = {
				ARCHS = "$(ARCHS_STANDARD_32_BIT_PRE_XCODE_3_1)";
				ARCHS_STANDARD_32_BIT_PRE_XCODE_3_1 = "ppc i386";
				GCC_WARN_ABOUT_RETURN_TYPE = YES;
				GCC_WARN_UNUSED_VARIABLE = YES;
				HEADER_SEARCH_PATHS = /usr/include/libxml2;
				PREBINDING = NO;
				SDKROOT = "$(DEVELOPER_SDK_DIR)/MacOSX10.5.sdk";
			};
			name = Release;
		};
/* End XCBuildConfiguration section */

/* Begin XCConfigurationList section */
		C01FCF4A08A954540054247B /* Build configuration list for PBXNativeTarget "MGTwitterEngine" */ = {
			isa = XCConfigurationList;
			buildConfigurations = (
				C01FCF4B08A954540054247B /* Debug */,
				C01FCF4C08A954540054247B /* Release */,
			);
			defaultConfigurationIsVisible = 0;
			defaultConfigurationName = Release;
		};
		C01FCF4E08A954540054247B /* Build configuration list for PBXProject "MGTwitterEngine" */ = {
			isa = XCConfigurationList;
			buildConfigurations = (
				C01FCF4F08A954540054247B /* Debug */,
				C01FCF5008A954540054247B /* Release */,
			);
			defaultConfigurationIsVisible = 0;
			defaultConfigurationName = Release;
		};
/* End XCConfigurationList section */
	};
	rootObject = 29B97313FDCFA39411CA2CEA /* Project object */;
}
